lockfileVersion: '9.0'

settings:
  autoInstallPeers: true
  excludeLinksFromLockfile: false

importers:

  .:
    devDependencies:
      '@rescript/core':
        specifier: ^1.6.1
        version: 1.6.1(rescript@11.1.4)
      prettier:
        specifier: 3.5.3
        version: 3.5.3
      rescript:
        specifier: ^11.1.4
        version: 11.1.4

packages:

  '@rescript/core@1.6.1':
    resolution: {integrity: sha512-vyb5k90ck+65Fgui+5vCja/mUfzKaK3kOPT4Z6aAJdHLH1eljEi1zKhXroCiCtpNLSWp8k4ulh1bdB5WS0hvqA==}
    peerDependencies:
      rescript: '>=11.1.0'

  prettier@3.5.3:
    resolution: {integrity: sha512-QQtaxnoDJeAkDvDKWCLiwIXkTgRhwYDEQCghU9Z6q03iyek/rxRh/2lC3HB7P8sWT2xC/y5JDctPLBIGzHKbhw==}
    engines: {node: '>=14'}
    hasBin: true

  rescript@11.1.4:
    resolution: {integrity: sha512-0bGU0bocihjSC6MsE3TMjHjY0EUpchyrREquLS8VsZ3ohSMD+VHUEwimEfB3kpBI1vYkw3UFZ3WD8R28guz/Vw==}
    engines: {node: '>=10'}
    hasBin: true

snapshots:

  '@rescript/core@1.6.1(rescript@11.1.4)':
    dependencies:
      rescript: 11.1.4

  prettier@3.5.3: {}

  rescript@11.1.4: {}
